
Microsoft Visual Studio Solution File, Format Version 12.00
# Visual Studio 2013
VisualStudioVersion = 12.0.30324.0
MinimumVisualStudioVersion = 10.0.40219.1
Project("{FAE04EC0-301F-11D3-BF4B-00C04F79EFBC}") = "JsonRpcGen", "JsonRpcGen\JsonRpcGen.csproj", "{25D06510-E59F-4679-8D04-8D1CEDDB81A5}"
EndProject
Project("{2150E333-8FDC-42A3-9474-1A3956D46DE8}") = ".nuget", ".nuget", "{48BA0434-29C8-4F67-B588-4711CD7BB137}"
	ProjectSection(SolutionItems) = preProject
		.nuget\NuGet.Config = .nuget\NuGet.Config
		.nuget\NuGet.exe = .nuget\NuGet.exe
		.nuget\NuGet.targets = .nuget\NuGet.targets
	EndProjectSection
EndProject
Project("{FAE04EC0-301F-11D3-BF4B-00C04F79EFBC}") = "Xbmc2S.RT", "Xbmc2S.RT\Xbmc2S.RT.csproj", "{9E618B2D-857E-4CCD-8991-AEEDFD2B2EDF}"
EndProject
Project("{FAE04EC0-301F-11D3-BF4B-00C04F79EFBC}") = "Xbmc2S.Model", "Xbmc2S.Model\Xbmc2S.Model.csproj", "{4D213AF6-B08B-4DBF-AD96-DD89352B5456}"
EndProject
Project("{FAE04EC0-301F-11D3-BF4B-00C04F79EFBC}") = "Okra.Portable", "Okra.Core\Okra.Portable.csproj", "{EBECF832-39F6-488A-A306-F8341E915003}"
EndProject
Project("{FAE04EC0-301F-11D3-BF4B-00C04F79EFBC}") = "Xbmc2S.Upnp", "Xbmc2S.Upnp\Xbmc2S.Upnp.csproj", "{C505A2F9-D11D-48C8-964D-A8512AE7CB4E}"
EndProject
Project("{FAE04EC0-301F-11D3-BF4B-00C04F79EFBC}") = "Xbmc2S.RT.Background", "Xbmc2S.RT.Background\Xbmc2S.RT.Background.csproj", "{668646A7-1FFF-4316-AFC0-7A2D144EDB4B}"
EndProject
Project("{FAE04EC0-301F-11D3-BF4B-00C04F79EFBC}") = "Xbmc2S.RT.PlatformServices", "Xbmc2S.RT.PlattformServices\Xbmc2S.RT.PlatformServices.csproj", "{4DBFBD22-DDCB-4E93-83FC-899DC639F93D}"
EndProject
Project("{FAE04EC0-301F-11D3-BF4B-00C04F79EFBC}") = "TmdbWrapper.Portable", "TMDbWrapper\TmdbWrapper.Portable.csproj", "{52DA4869-9D9A-4328-B603-F66C6BEBC44D}"
EndProject
Project("{2150E333-8FDC-42A3-9474-1A3956D46DE8}") = "ClientGen", "ClientGen", "{F065CE76-CFD6-4103-93F0-D63947D5E118}"
EndProject
Project("{2150E333-8FDC-42A3-9474-1A3956D46DE8}") = "Core", "Core", "{2496D465-203F-4187-9F20-441C08EB49DB}"
EndProject
Project("{2150E333-8FDC-42A3-9474-1A3956D46DE8}") = "Extern", "Extern", "{D02D4D21-D31E-4FA4-9CB9-DB47AAC3376A}"
EndProject
Project("{2150E333-8FDC-42A3-9474-1A3956D46DE8}") = "RT", "RT", "{317C9EF1-CE22-4B13-9A95-34955433B22B}"
EndProject
Project("{FAE04EC0-301F-11D3-BF4B-00C04F79EFBC}") = "StreamingClient.VLM", "..\Apps\VLCWP7\StreamClient.VLM\StreamingClient.VLM.csproj", "{CC4F00D4-B05A-4CBD-A28A-23093605F044}"
EndProject
Project("{FAE04EC0-301F-11D3-BF4B-00C04F79EFBC}") = "XBMCRPC13.Portable", "XBMCRPC13.Portable\XBMCRPC13.Portable.csproj", "{52EB0A62-3BE8-4886-852B-AB5A68309360}"
EndProject
Project("{FAE04EC0-301F-11D3-BF4B-00C04F79EFBC}") = "XBMCRPC13.Tryout", "XBMCRPC13.Tryout\XBMCRPC13.Tryout.csproj", "{A50460FE-F74F-4185-B431-57836C425A0C}"
EndProject
Project("{D954291E-2A0B-460D-934E-DC6B0785DB48}") = "Xbmc2S.RT.Shared", "Xbmc2S.RT.Shared\Xbmc2S.RT.Shared.shproj", "{0C8A8693-6F70-4133-BBA1-6CE7831F3843}"
EndProject
Project("{FAE04EC0-301F-11D3-BF4B-00C04F79EFBC}") = "Xbmc2S.RT.WindowsPhone", "Xbmc2S.RT.WindowsPhone\Xbmc2S.RT.WindowsPhone.csproj", "{B12B662B-0483-4066-89AC-1861C67C4AA3}"
EndProject
Global
	GlobalSection(SharedMSBuildProjectFiles) = preSolution
		Xbmc2S.RT.Shared\Xbmc2S.RT.Shared.projitems*{b12b662b-0483-4066-89ac-1861c67c4aa3}*SharedItemsImports = 4
		Xbmc2S.RT.Shared\Xbmc2S.RT.Shared.projitems*{9e618b2d-857e-4ccd-8991-aeedfd2b2edf}*SharedItemsImports = 4
		Xbmc2S.RT.Shared\Xbmc2S.RT.Shared.projitems*{0c8a8693-6f70-4133-bba1-6ce7831f3843}*SharedItemsImports = 13
	EndGlobalSection
	GlobalSection(SolutionConfigurationPlatforms) = preSolution
		Debug|Any CPU = Debug|Any CPU
		Debug|ARM = Debug|ARM
		Debug|Mixed Platforms = Debug|Mixed Platforms
		Debug|x64 = Debug|x64
		Debug|x86 = Debug|x86
		Release|Any CPU = Release|Any CPU
		Release|ARM = Release|ARM
		Release|Mixed Platforms = Release|Mixed Platforms
		Release|x64 = Release|x64
		Release|x86 = Release|x86
	EndGlobalSection
	GlobalSection(ProjectConfigurationPlatforms) = postSolution
		{25D06510-E59F-4679-8D04-8D1CEDDB81A5}.Debug|Any CPU.ActiveCfg = Debug|Any CPU
		{25D06510-E59F-4679-8D04-8D1CEDDB81A5}.Debug|Any CPU.Build.0 = Debug|Any CPU
		{25D06510-E59F-4679-8D04-8D1CEDDB81A5}.Debug|ARM.ActiveCfg = Debug|Any CPU
		{25D06510-E59F-4679-8D04-8D1CEDDB81A5}.Debug|Mixed Platforms.ActiveCfg = Debug|Any CPU
		{25D06510-E59F-4679-8D04-8D1CEDDB81A5}.Debug|Mixed Platforms.Build.0 = Debug|Any CPU
		{25D06510-E59F-4679-8D04-8D1CEDDB81A5}.Debug|x64.ActiveCfg = Debug|Any CPU
		{25D06510-E59F-4679-8D04-8D1CEDDB81A5}.Debug|x86.ActiveCfg = Debug|Any CPU
		{25D06510-E59F-4679-8D04-8D1CEDDB81A5}.Release|Any CPU.ActiveCfg = Release|Any CPU
		{25D06510-E59F-4679-8D04-8D1CEDDB81A5}.Release|Any CPU.Build.0 = Release|Any CPU
		{25D06510-E59F-4679-8D04-8D1CEDDB81A5}.Release|ARM.ActiveCfg = Release|Any CPU
		{25D06510-E59F-4679-8D04-8D1CEDDB81A5}.Release|Mixed Platforms.ActiveCfg = Release|Any CPU
		{25D06510-E59F-4679-8D04-8D1CEDDB81A5}.Release|Mixed Platforms.Build.0 = Release|Any CPU
		{25D06510-E59F-4679-8D04-8D1CEDDB81A5}.Release|x64.ActiveCfg = Release|Any CPU
		{25D06510-E59F-4679-8D04-8D1CEDDB81A5}.Release|x86.ActiveCfg = Release|Any CPU
		{9E618B2D-857E-4CCD-8991-AEEDFD2B2EDF}.Debug|Any CPU.ActiveCfg = Debug|Any CPU
		{9E618B2D-857E-4CCD-8991-AEEDFD2B2EDF}.Debug|Any CPU.Build.0 = Debug|Any CPU
		{9E618B2D-857E-4CCD-8991-AEEDFD2B2EDF}.Debug|Any CPU.Deploy.0 = Debug|Any CPU
		{9E618B2D-857E-4CCD-8991-AEEDFD2B2EDF}.Debug|ARM.ActiveCfg = Debug|ARM
		{9E618B2D-857E-4CCD-8991-AEEDFD2B2EDF}.Debug|ARM.Build.0 = Debug|ARM
		{9E618B2D-857E-4CCD-8991-AEEDFD2B2EDF}.Debug|ARM.Deploy.0 = Debug|ARM
		{9E618B2D-857E-4CCD-8991-AEEDFD2B2EDF}.Debug|Mixed Platforms.ActiveCfg = Debug|x86
		{9E618B2D-857E-4CCD-8991-AEEDFD2B2EDF}.Debug|Mixed Platforms.Build.0 = Debug|x86
		{9E618B2D-857E-4CCD-8991-AEEDFD2B2EDF}.Debug|Mixed Platforms.Deploy.0 = Debug|x86
		{9E618B2D-857E-4CCD-8991-AEEDFD2B2EDF}.Debug|x64.ActiveCfg = Debug|x64
		{9E618B2D-857E-4CCD-8991-AEEDFD2B2EDF}.Debug|x64.Build.0 = Debug|x64
		{9E618B2D-857E-4CCD-8991-AEEDFD2B2EDF}.Debug|x64.Deploy.0 = Debug|x64
		{9E618B2D-857E-4CCD-8991-AEEDFD2B2EDF}.Debug|x86.ActiveCfg = Debug|x86
		{9E618B2D-857E-4CCD-8991-AEEDFD2B2EDF}.Debug|x86.Build.0 = Debug|x86
		{9E618B2D-857E-4CCD-8991-AEEDFD2B2EDF}.Debug|x86.Deploy.0 = Debug|x86
		{9E618B2D-857E-4CCD-8991-AEEDFD2B2EDF}.Release|Any CPU.ActiveCfg = Release|Any CPU
		{9E618B2D-857E-4CCD-8991-AEEDFD2B2EDF}.Release|Any CPU.Build.0 = Release|Any CPU
		{9E618B2D-857E-4CCD-8991-AEEDFD2B2EDF}.Release|Any CPU.Deploy.0 = Release|Any CPU
		{9E618B2D-857E-4CCD-8991-AEEDFD2B2EDF}.Release|ARM.ActiveCfg = Release|ARM
		{9E618B2D-857E-4CCD-8991-AEEDFD2B2EDF}.Release|ARM.Build.0 = Release|ARM
		{9E618B2D-857E-4CCD-8991-AEEDFD2B2EDF}.Release|ARM.Deploy.0 = Release|ARM
		{9E618B2D-857E-4CCD-8991-AEEDFD2B2EDF}.Release|Mixed Platforms.ActiveCfg = Release|x86
		{9E618B2D-857E-4CCD-8991-AEEDFD2B2EDF}.Release|Mixed Platforms.Build.0 = Release|x86
		{9E618B2D-857E-4CCD-8991-AEEDFD2B2EDF}.Release|Mixed Platforms.Deploy.0 = Release|x86
		{9E618B2D-857E-4CCD-8991-AEEDFD2B2EDF}.Release|x64.ActiveCfg = Release|x64
		{9E618B2D-857E-4CCD-8991-AEEDFD2B2EDF}.Release|x64.Build.0 = Release|x64
		{9E618B2D-857E-4CCD-8991-AEEDFD2B2EDF}.Release|x64.Deploy.0 = Release|x64
		{9E618B2D-857E-4CCD-8991-AEEDFD2B2EDF}.Release|x86.ActiveCfg = Release|x86
		{9E618B2D-857E-4CCD-8991-AEEDFD2B2EDF}.Release|x86.Build.0 = Release|x86
		{9E618B2D-857E-4CCD-8991-AEEDFD2B2EDF}.Release|x86.Deploy.0 = Release|x86
		{4D213AF6-B08B-4DBF-AD96-DD89352B5456}.Debug|Any CPU.ActiveCfg = Debug|Any CPU
		{4D213AF6-B08B-4DBF-AD96-DD89352B5456}.Debug|Any CPU.Build.0 = Debug|Any CPU
		{4D213AF6-B08B-4DBF-AD96-DD89352B5456}.Debug|ARM.ActiveCfg = Debug|Any CPU
		{4D213AF6-B08B-4DBF-AD96-DD89352B5456}.Debug|Mixed Platforms.ActiveCfg = Debug|Any CPU
		{4D213AF6-B08B-4DBF-AD96-DD89352B5456}.Debug|Mixed Platforms.Build.0 = Debug|Any CPU
		{4D213AF6-B08B-4DBF-AD96-DD89352B5456}.Debug|x64.ActiveCfg = Debug|Any CPU
		{4D213AF6-B08B-4DBF-AD96-DD89352B5456}.Debug|x86.ActiveCfg = Debug|Any CPU
		{4D213AF6-B08B-4DBF-AD96-DD89352B5456}.Release|Any CPU.ActiveCfg = Release|Any CPU
		{4D213AF6-B08B-4DBF-AD96-DD89352B5456}.Release|Any CPU.Build.0 = Release|Any CPU
		{4D213AF6-B08B-4DBF-AD96-DD89352B5456}.Release|ARM.ActiveCfg = Release|Any CPU
		{4D213AF6-B08B-4DBF-AD96-DD89352B5456}.Release|Mixed Platforms.ActiveCfg = Release|Any CPU
		{4D213AF6-B08B-4DBF-AD96-DD89352B5456}.Release|Mixed Platforms.Build.0 = Release|Any CPU
		{4D213AF6-B08B-4DBF-AD96-DD89352B5456}.Release|x64.ActiveCfg = Release|Any CPU
		{4D213AF6-B08B-4DBF-AD96-DD89352B5456}.Release|x86.ActiveCfg = Release|Any CPU
		{EBECF832-39F6-488A-A306-F8341E915003}.Debug|Any CPU.ActiveCfg = Debug|Any CPU
		{EBECF832-39F6-488A-A306-F8341E915003}.Debug|Any CPU.Build.0 = Debug|Any CPU
		{EBECF832-39F6-488A-A306-F8341E915003}.Debug|ARM.ActiveCfg = Debug|Any CPU
		{EBECF832-39F6-488A-A306-F8341E915003}.Debug|Mixed Platforms.ActiveCfg = Debug|Any CPU
		{EBECF832-39F6-488A-A306-F8341E915003}.Debug|Mixed Platforms.Build.0 = Debug|Any CPU
		{EBECF832-39F6-488A-A306-F8341E915003}.Debug|x64.ActiveCfg = Debug|Any CPU
		{EBECF832-39F6-488A-A306-F8341E915003}.Debug|x86.ActiveCfg = Debug|Any CPU
		{EBECF832-39F6-488A-A306-F8341E915003}.Release|Any CPU.ActiveCfg = Release|Any CPU
		{EBECF832-39F6-488A-A306-F8341E915003}.Release|Any CPU.Build.0 = Release|Any CPU
		{EBECF832-39F6-488A-A306-F8341E915003}.Release|ARM.ActiveCfg = Release|Any CPU
		{EBECF832-39F6-488A-A306-F8341E915003}.Release|Mixed Platforms.ActiveCfg = Release|Any CPU
		{EBECF832-39F6-488A-A306-F8341E915003}.Release|Mixed Platforms.Build.0 = Release|Any CPU
		{EBECF832-39F6-488A-A306-F8341E915003}.Release|x64.ActiveCfg = Release|Any CPU
		{EBECF832-39F6-488A-A306-F8341E915003}.Release|x86.ActiveCfg = Release|Any CPU
		{C505A2F9-D11D-48C8-964D-A8512AE7CB4E}.Debug|Any CPU.ActiveCfg = Debug|Any CPU
		{C505A2F9-D11D-48C8-964D-A8512AE7CB4E}.Debug|Any CPU.Build.0 = Debug|Any CPU
		{C505A2F9-D11D-48C8-964D-A8512AE7CB4E}.Debug|ARM.ActiveCfg = Debug|Any CPU
		{C505A2F9-D11D-48C8-964D-A8512AE7CB4E}.Debug|Mixed Platforms.ActiveCfg = Debug|Any CPU
		{C505A2F9-D11D-48C8-964D-A8512AE7CB4E}.Debug|Mixed Platforms.Build.0 = Debug|Any CPU
		{C505A2F9-D11D-48C8-964D-A8512AE7CB4E}.Debug|x64.ActiveCfg = Debug|Any CPU
		{C505A2F9-D11D-48C8-964D-A8512AE7CB4E}.Debug|x86.ActiveCfg = Debug|Any CPU
		{C505A2F9-D11D-48C8-964D-A8512AE7CB4E}.Release|Any CPU.ActiveCfg = Release|Any CPU
		{C505A2F9-D11D-48C8-964D-A8512AE7CB4E}.Release|Any CPU.Build.0 = Release|Any CPU
		{C505A2F9-D11D-48C8-964D-A8512AE7CB4E}.Release|ARM.ActiveCfg = Release|Any CPU
		{C505A2F9-D11D-48C8-964D-A8512AE7CB4E}.Release|Mixed Platforms.ActiveCfg = Release|Any CPU
		{C505A2F9-D11D-48C8-964D-A8512AE7CB4E}.Release|Mixed Platforms.Build.0 = Release|Any CPU
		{C505A2F9-D11D-48C8-964D-A8512AE7CB4E}.Release|x64.ActiveCfg = Release|Any CPU
		{C505A2F9-D11D-48C8-964D-A8512AE7CB4E}.Release|x64.Build.0 = Release|Any CPU
		{C505A2F9-D11D-48C8-964D-A8512AE7CB4E}.Release|x86.ActiveCfg = Release|Any CPU
		{668646A7-1FFF-4316-AFC0-7A2D144EDB4B}.Debug|Any CPU.ActiveCfg = Debug|Any CPU
		{668646A7-1FFF-4316-AFC0-7A2D144EDB4B}.Debug|Any CPU.Build.0 = Debug|Any CPU
		{668646A7-1FFF-4316-AFC0-7A2D144EDB4B}.Debug|ARM.ActiveCfg = Debug|ARM
		{668646A7-1FFF-4316-AFC0-7A2D144EDB4B}.Debug|ARM.Build.0 = Debug|ARM
		{668646A7-1FFF-4316-AFC0-7A2D144EDB4B}.Debug|Mixed Platforms.ActiveCfg = Debug|x86
		{668646A7-1FFF-4316-AFC0-7A2D144EDB4B}.Debug|Mixed Platforms.Build.0 = Debug|x86
		{668646A7-1FFF-4316-AFC0-7A2D144EDB4B}.Debug|x64.ActiveCfg = Debug|x64
		{668646A7-1FFF-4316-AFC0-7A2D144EDB4B}.Debug|x64.Build.0 = Debug|x64
		{668646A7-1FFF-4316-AFC0-7A2D144EDB4B}.Debug|x86.ActiveCfg = Debug|x86
		{668646A7-1FFF-4316-AFC0-7A2D144EDB4B}.Debug|x86.Build.0 = Debug|x86
		{668646A7-1FFF-4316-AFC0-7A2D144EDB4B}.Release|Any CPU.ActiveCfg = Release|Any CPU
		{668646A7-1FFF-4316-AFC0-7A2D144EDB4B}.Release|Any CPU.Build.0 = Release|Any CPU
		{668646A7-1FFF-4316-AFC0-7A2D144EDB4B}.Release|ARM.ActiveCfg = Release|ARM
		{668646A7-1FFF-4316-AFC0-7A2D144EDB4B}.Release|ARM.Build.0 = Release|ARM
		{668646A7-1FFF-4316-AFC0-7A2D144EDB4B}.Release|Mixed Platforms.ActiveCfg = Release|x86
		{668646A7-1FFF-4316-AFC0-7A2D144EDB4B}.Release|Mixed Platforms.Build.0 = Release|x86
		{668646A7-1FFF-4316-AFC0-7A2D144EDB4B}.Release|x64.ActiveCfg = Release|x64
		{668646A7-1FFF-4316-AFC0-7A2D144EDB4B}.Release|x64.Build.0 = Release|x64
		{668646A7-1FFF-4316-AFC0-7A2D144EDB4B}.Release|x86.ActiveCfg = Release|x86
		{668646A7-1FFF-4316-AFC0-7A2D144EDB4B}.Release|x86.Build.0 = Release|x86
		{4DBFBD22-DDCB-4E93-83FC-899DC639F93D}.Debug|Any CPU.ActiveCfg = Debug|Any CPU
		{4DBFBD22-DDCB-4E93-83FC-899DC639F93D}.Debug|Any CPU.Build.0 = Debug|Any CPU
		{4DBFBD22-DDCB-4E93-83FC-899DC639F93D}.Debug|ARM.ActiveCfg = Debug|ARM
		{4DBFBD22-DDCB-4E93-83FC-899DC639F93D}.Debug|ARM.Build.0 = Debug|ARM
		{4DBFBD22-DDCB-4E93-83FC-899DC639F93D}.Debug|Mixed Platforms.ActiveCfg = Debug|x86
		{4DBFBD22-DDCB-4E93-83FC-899DC639F93D}.Debug|Mixed Platforms.Build.0 = Debug|x86
		{4DBFBD22-DDCB-4E93-83FC-899DC639F93D}.Debug|x64.ActiveCfg = Debug|x64
		{4DBFBD22-DDCB-4E93-83FC-899DC639F93D}.Debug|x64.Build.0 = Debug|x64
		{4DBFBD22-DDCB-4E93-83FC-899DC639F93D}.Debug|x86.ActiveCfg = Debug|x86
		{4DBFBD22-DDCB-4E93-83FC-899DC639F93D}.Debug|x86.Build.0 = Debug|x86
		{4DBFBD22-DDCB-4E93-83FC-899DC639F93D}.Release|Any CPU.ActiveCfg = Release|Any CPU
		{4DBFBD22-DDCB-4E93-83FC-899DC639F93D}.Release|Any CPU.Build.0 = Release|Any CPU
		{4DBFBD22-DDCB-4E93-83FC-899DC639F93D}.Release|ARM.ActiveCfg = Release|ARM
		{4DBFBD22-DDCB-4E93-83FC-899DC639F93D}.Release|ARM.Build.0 = Release|ARM
		{4DBFBD22-DDCB-4E93-83FC-899DC639F93D}.Release|Mixed Platforms.ActiveCfg = Release|x86
		{4DBFBD22-DDCB-4E93-83FC-899DC639F93D}.Release|Mixed Platforms.Build.0 = Release|x86
		{4DBFBD22-DDCB-4E93-83FC-899DC639F93D}.Release|x64.ActiveCfg = Release|x64
		{4DBFBD22-DDCB-4E93-83FC-899DC639F93D}.Release|x64.Build.0 = Release|x64
		{4DBFBD22-DDCB-4E93-83FC-899DC639F93D}.Release|x86.ActiveCfg = Release|x86
		{4DBFBD22-DDCB-4E93-83FC-899DC639F93D}.Release|x86.Build.0 = Release|x86
		{52DA4869-9D9A-4328-B603-F66C6BEBC44D}.Debug|Any CPU.ActiveCfg = Debug|Any CPU
		{52DA4869-9D9A-4328-B603-F66C6BEBC44D}.Debug|Any CPU.Build.0 = Debug|Any CPU
		{52DA4869-9D9A-4328-B603-F66C6BEBC44D}.Debug|ARM.ActiveCfg = Debug|Any CPU
		{52DA4869-9D9A-4328-B603-F66C6BEBC44D}.Debug|Mixed Platforms.ActiveCfg = Debug|Any CPU
		{52DA4869-9D9A-4328-B603-F66C6BEBC44D}.Debug|Mixed Platforms.Build.0 = Debug|Any CPU
		{52DA4869-9D9A-4328-B603-F66C6BEBC44D}.Debug|x64.ActiveCfg = Debug|Any CPU
		{52DA4869-9D9A-4328-B603-F66C6BEBC44D}.Debug|x86.ActiveCfg = Debug|Any CPU
		{52DA4869-9D9A-4328-B603-F66C6BEBC44D}.Release|Any CPU.ActiveCfg = Release|Any CPU
		{52DA4869-9D9A-4328-B603-F66C6BEBC44D}.Release|Any CPU.Build.0 = Release|Any CPU
		{52DA4869-9D9A-4328-B603-F66C6BEBC44D}.Release|ARM.ActiveCfg = Release|Any CPU
		{52DA4869-9D9A-4328-B603-F66C6BEBC44D}.Release|Mixed Platforms.ActiveCfg = Release|Any CPU
		{52DA4869-9D9A-4328-B603-F66C6BEBC44D}.Release|Mixed Platforms.Build.0 = Release|Any CPU
		{52DA4869-9D9A-4328-B603-F66C6BEBC44D}.Release|x64.ActiveCfg = Release|Any CPU
		{52DA4869-9D9A-4328-B603-F66C6BEBC44D}.Release|x86.ActiveCfg = Release|Any CPU
		{CC4F00D4-B05A-4CBD-A28A-23093605F044}.Debug|Any CPU.ActiveCfg = Debug|Any CPU
		{CC4F00D4-B05A-4CBD-A28A-23093605F044}.Debug|Any CPU.Build.0 = Debug|Any CPU
		{CC4F00D4-B05A-4CBD-A28A-23093605F044}.Debug|ARM.ActiveCfg = Debug|Any CPU
		{CC4F00D4-B05A-4CBD-A28A-23093605F044}.Debug|Mixed Platforms.ActiveCfg = Debug|Any CPU
		{CC4F00D4-B05A-4CBD-A28A-23093605F044}.Debug|Mixed Platforms.Build.0 = Debug|Any CPU
		{CC4F00D4-B05A-4CBD-A28A-23093605F044}.Debug|x64.ActiveCfg = Debug|Any CPU
		{CC4F00D4-B05A-4CBD-A28A-23093605F044}.Debug|x86.ActiveCfg = Debug|Any CPU
		{CC4F00D4-B05A-4CBD-A28A-23093605F044}.Release|Any CPU.ActiveCfg = Release|Any CPU
		{CC4F00D4-B05A-4CBD-A28A-23093605F044}.Release|Any CPU.Build.0 = Release|Any CPU
		{CC4F00D4-B05A-4CBD-A28A-23093605F044}.Release|ARM.ActiveCfg = Release|Any CPU
		{CC4F00D4-B05A-4CBD-A28A-23093605F044}.Release|Mixed Platforms.ActiveCfg = Release|Any CPU
		{CC4F00D4-B05A-4CBD-A28A-23093605F044}.Release|Mixed Platforms.Build.0 = Release|Any CPU
		{CC4F00D4-B05A-4CBD-A28A-23093605F044}.Release|x64.ActiveCfg = Release|Any CPU
		{CC4F00D4-B05A-4CBD-A28A-23093605F044}.Release|x86.ActiveCfg = Release|Any CPU
		{52EB0A62-3BE8-4886-852B-AB5A68309360}.Debug|Any CPU.ActiveCfg = Debug|Any CPU
		{52EB0A62-3BE8-4886-852B-AB5A68309360}.Debug|Any CPU.Build.0 = Debug|Any CPU
		{52EB0A62-3BE8-4886-852B-AB5A68309360}.Debug|ARM.ActiveCfg = Debug|Any CPU
		{52EB0A62-3BE8-4886-852B-AB5A68309360}.Debug|Mixed Platforms.ActiveCfg = Debug|Any CPU
		{52EB0A62-3BE8-4886-852B-AB5A68309360}.Debug|Mixed Platforms.Build.0 = Debug|Any CPU
		{52EB0A62-3BE8-4886-852B-AB5A68309360}.Debug|x64.ActiveCfg = Debug|Any CPU
		{52EB0A62-3BE8-4886-852B-AB5A68309360}.Debug|x86.ActiveCfg = Debug|Any CPU
		{52EB0A62-3BE8-4886-852B-AB5A68309360}.Release|Any CPU.ActiveCfg = Release|Any CPU
		{52EB0A62-3BE8-4886-852B-AB5A68309360}.Release|Any CPU.Build.0 = Release|Any CPU
		{52EB0A62-3BE8-4886-852B-AB5A68309360}.Release|ARM.ActiveCfg = Release|Any CPU
		{52EB0A62-3BE8-4886-852B-AB5A68309360}.Release|Mixed Platforms.ActiveCfg = Release|Any CPU
		{52EB0A62-3BE8-4886-852B-AB5A68309360}.Release|Mixed Platforms.Build.0 = Release|Any CPU
		{52EB0A62-3BE8-4886-852B-AB5A68309360}.Release|x64.ActiveCfg = Release|Any CPU
		{52EB0A62-3BE8-4886-852B-AB5A68309360}.Release|x86.ActiveCfg = Release|Any CPU
		{A50460FE-F74F-4185-B431-57836C425A0C}.Debug|Any CPU.ActiveCfg = Debug|Any CPU
		{A50460FE-F74F-4185-B431-57836C425A0C}.Debug|Any CPU.Build.0 = Debug|Any CPU
		{A50460FE-F74F-4185-B431-57836C425A0C}.Debug|ARM.ActiveCfg = Debug|Any CPU
		{A50460FE-F74F-4185-B431-57836C425A0C}.Debug|Mixed Platforms.ActiveCfg = Debug|Any CPU
		{A50460FE-F74F-4185-B431-57836C425A0C}.Debug|Mixed Platforms.Build.0 = Debug|Any CPU
		{A50460FE-F74F-4185-B431-57836C425A0C}.Debug|x64.ActiveCfg = Debug|Any CPU
		{A50460FE-F74F-4185-B431-57836C425A0C}.Debug|x86.ActiveCfg = Debug|Any CPU
		{A50460FE-F74F-4185-B431-57836C425A0C}.Release|Any CPU.ActiveCfg = Release|Any CPU
		{A50460FE-F74F-4185-B431-57836C425A0C}.Release|Any CPU.Build.0 = Release|Any CPU
		{A50460FE-F74F-4185-B431-57836C425A0C}.Release|ARM.ActiveCfg = Release|Any CPU
		{A50460FE-F74F-4185-B431-57836C425A0C}.Release|Mixed Platforms.ActiveCfg = Release|Any CPU
		{A50460FE-F74F-4185-B431-57836C425A0C}.Release|Mixed Platforms.Build.0 = Release|Any CPU
		{A50460FE-F74F-4185-B431-57836C425A0C}.Release|x64.ActiveCfg = Release|Any CPU
		{A50460FE-F74F-4185-B431-57836C425A0C}.Release|x86.ActiveCfg = Release|Any CPU
		{B12B662B-0483-4066-89AC-1861C67C4AA3}.Debug|Any CPU.ActiveCfg = Debug|Any CPU
		{B12B662B-0483-4066-89AC-1861C67C4AA3}.Debug|Any CPU.Build.0 = Debug|Any CPU
		{B12B662B-0483-4066-89AC-1861C67C4AA3}.Debug|Any CPU.Deploy.0 = Debug|Any CPU
		{B12B662B-0483-4066-89AC-1861C67C4AA3}.Debug|ARM.ActiveCfg = Debug|ARM
		{B12B662B-0483-4066-89AC-1861C67C4AA3}.Debug|ARM.Build.0 = Debug|ARM
		{B12B662B-0483-4066-89AC-1861C67C4AA3}.Debug|ARM.Deploy.0 = Debug|ARM
		{B12B662B-0483-4066-89AC-1861C67C4AA3}.Debug|Mixed Platforms.ActiveCfg = Debug|x86
		{B12B662B-0483-4066-89AC-1861C67C4AA3}.Debug|Mixed Platforms.Build.0 = Debug|x86
		{B12B662B-0483-4066-89AC-1861C67C4AA3}.Debug|Mixed Platforms.Deploy.0 = Debug|x86
		{B12B662B-0483-4066-89AC-1861C67C4AA3}.Debug|x64.ActiveCfg = Debug|Any CPU
		{B12B662B-0483-4066-89AC-1861C67C4AA3}.Debug|x86.ActiveCfg = Debug|x86
		{B12B662B-0483-4066-89AC-1861C67C4AA3}.Debug|x86.Build.0 = Debug|x86
		{B12B662B-0483-4066-89AC-1861C67C4AA3}.Debug|x86.Deploy.0 = Debug|x86
		{B12B662B-0483-4066-89AC-1861C67C4AA3}.Release|Any CPU.ActiveCfg = Release|Any CPU
		{B12B662B-0483-4066-89AC-1861C67C4AA3}.Release|Any CPU.Build.0 = Release|Any CPU
		{B12B662B-0483-4066-89AC-1861C67C4AA3}.Release|Any CPU.Deploy.0 = Release|Any CPU
		{B12B662B-0483-4066-89AC-1861C67C4AA3}.Release|ARM.ActiveCfg = Release|ARM
		{B12B662B-0483-4066-89AC-1861C67C4AA3}.Release|ARM.Build.0 = Release|ARM
		{B12B662B-0483-4066-89AC-1861C67C4AA3}.Release|ARM.Deploy.0 = Release|ARM
		{B12B662B-0483-4066-89AC-1861C67C4AA3}.Release|Mixed Platforms.ActiveCfg = Release|x86
		{B12B662B-0483-4066-89AC-1861C67C4AA3}.Release|Mixed Platforms.Build.0 = Release|x86
		{B12B662B-0483-4066-89AC-1861C67C4AA3}.Release|Mixed Platforms.Deploy.0 = Release|x86
		{B12B662B-0483-4066-89AC-1861C67C4AA3}.Release|x64.ActiveCfg = Release|Any CPU
		{B12B662B-0483-4066-89AC-1861C67C4AA3}.Release|x86.ActiveCfg = Release|x86
		{B12B662B-0483-4066-89AC-1861C67C4AA3}.Release|x86.Build.0 = Release|x86
		{B12B662B-0483-4066-89AC-1861C67C4AA3}.Release|x86.Deploy.0 = Release|x86
	EndGlobalSection
	GlobalSection(SolutionProperties) = preSolution
		HideSolutionNode = FALSE
	EndGlobalSection
	GlobalSection(NestedProjects) = preSolution
		{25D06510-E59F-4679-8D04-8D1CEDDB81A5} = {F065CE76-CFD6-4103-93F0-D63947D5E118}
		{4D213AF6-B08B-4DBF-AD96-DD89352B5456} = {2496D465-203F-4187-9F20-441C08EB49DB}
		{EBECF832-39F6-488A-A306-F8341E915003} = {D02D4D21-D31E-4FA4-9CB9-DB47AAC3376A}
		{C505A2F9-D11D-48C8-964D-A8512AE7CB4E} = {2496D465-203F-4187-9F20-441C08EB49DB}
		{668646A7-1FFF-4316-AFC0-7A2D144EDB4B} = {317C9EF1-CE22-4B13-9A95-34955433B22B}
		{4DBFBD22-DDCB-4E93-83FC-899DC639F93D} = {317C9EF1-CE22-4B13-9A95-34955433B22B}
		{52DA4869-9D9A-4328-B603-F66C6BEBC44D} = {D02D4D21-D31E-4FA4-9CB9-DB47AAC3376A}
		{CC4F00D4-B05A-4CBD-A28A-23093605F044} = {D02D4D21-D31E-4FA4-9CB9-DB47AAC3376A}
		{52EB0A62-3BE8-4886-852B-AB5A68309360} = {F065CE76-CFD6-4103-93F0-D63947D5E118}
		{A50460FE-F74F-4185-B431-57836C425A0C} = {F065CE76-CFD6-4103-93F0-D63947D5E118}
	EndGlobalSection
EndGlobal
